
Microsoft Visual Studio Solution File, Format Version 12.00
# Visual Studio Version 17
VisualStudioVersion = 17.13.35617.110 d17.13
MinimumVisualStudioVersion = 10.0.40219.1
Project("{FAE04EC0-301F-11D3-BF4B-00C04F79EFBC}") = "ProjectManagement.Presentation", "ProjectManagement.Presentation\ProjectManagement.Presentation.csproj", "{94914B58-CF6B-40DD-A407-18229E0ECED0}"
EndProject
Project("{FAE04EC0-301F-11D3-BF4B-00C04F79EFBC}") = "ProjectManagement.Domain", "ProjectManagement.Domain\ProjectManagement.Domain.csproj", "{021FBEF8-7D6B-4926-9B94-42646D50697E}"
EndProject
Project("{FAE04EC0-301F-11D3-BF4B-00C04F79EFBC}") = "ProjectManagement.Infrastructure", "ProjectManagement.Infrastructure\ProjectManagement.Infrastructure.csproj", "{E5255BF5-2BEE-475E-B47D-6BE9FE933182}"
EndProject
Project("{FAE04EC0-301F-11D3-BF4B-00C04F79EFBC}") = "ProjectManagement.Service", "ProjectManagement.Service\ProjectManagement.Service.csproj", "{76EF1EB8-7C70-4EE7-9E7C-5EEFD344E358}"
EndProject
Project("{FAE04EC0-301F-11D3-BF4B-00C04F79EFBC}") = "ProjectManagement.Core", "ProjectManagement.Core\ProjectManagement.Core.csproj", "{C7535EDE-3693-4EA1-AF63-FBFC5E95D2CF}"
EndProject
Global
	GlobalSection(SolutionConfigurationPlatforms) = preSolution
		Debug|Any CPU = Debug|Any CPU
		Release|Any CPU = Release|Any CPU
	EndGlobalSection
	GlobalSection(ProjectConfigurationPlatforms) = postSolution
		{94914B58-CF6B-40DD-A407-18229E0ECED0}.Debug|Any CPU.ActiveCfg = Debug|Any CPU
		{94914B58-CF6B-40DD-A407-18229E0ECED0}.Debug|Any CPU.Build.0 = Debug|Any CPU
		{94914B58-CF6B-40DD-A407-18229E0ECED0}.Release|Any CPU.ActiveCfg = Release|Any CPU
		{94914B58-CF6B-40DD-A407-18229E0ECED0}.Release|Any CPU.Build.0 = Release|Any CPU
		{021FBEF8-7D6B-4926-9B94-42646D50697E}.Debug|Any CPU.ActiveCfg = Debug|Any CPU
		{021FBEF8-7D6B-4926-9B94-42646D50697E}.Debug|Any CPU.Build.0 = Debug|Any CPU
		{021FBEF8-7D6B-4926-9B94-42646D50697E}.Release|Any CPU.ActiveCfg = Release|Any CPU
		{021FBEF8-7D6B-4926-9B94-42646D50697E}.Release|Any CPU.Build.0 = Release|Any CPU
		{E5255BF5-2BEE-475E-B47D-6BE9FE933182}.Debug|Any CPU.ActiveCfg = Debug|Any CPU
		{E5255BF5-2BEE-475E-B47D-6BE9FE933182}.Debug|Any CPU.Build.0 = Debug|Any CPU
		{E5255BF5-2BEE-475E-B47D-6BE9FE933182}.Release|Any CPU.ActiveCfg = Release|Any CPU
		{E5255BF5-2BEE-475E-B47D-6BE9FE933182}.Release|Any CPU.Build.0 = Release|Any CPU
		{76EF1EB8-7C70-4EE7-9E7C-5EEFD344E358}.Debug|Any CPU.ActiveCfg = Debug|Any CPU
		{76EF1EB8-7C70-4EE7-9E7C-5EEFD344E358}.Debug|Any CPU.Build.0 = Debug|Any CPU
		{76EF1EB8-7C70-4EE7-9E7C-5EEFD344E358}.Release|Any CPU.ActiveCfg = Release|Any CPU
		{76EF1EB8-7C70-4EE7-9E7C-5EEFD344E358}.Release|Any CPU.Build.0 = Release|Any CPU
		{C7535EDE-3693-4EA1-AF63-FBFC5E95D2CF}.Debug|Any CPU.ActiveCfg = Debug|Any CPU
		{C7535EDE-3693-4EA1-AF63-FBFC5E95D2CF}.Debug|Any CPU.Build.0 = Debug|Any CPU
		{C7535EDE-3693-4EA1-AF63-FBFC5E95D2CF}.Release|Any CPU.ActiveCfg = Release|Any CPU
		{C7535EDE-3693-4EA1-AF63-FBFC5E95D2CF}.Release|Any CPU.Build.0 = Release|Any CPU
	EndGlobalSection
	GlobalSection(SolutionProperties) = preSolution
		HideSolutionNode = FALSE
	EndGlobalSection
	GlobalSection(ExtensibilityGlobals) = postSolution
		SolutionGuid = {DF60E335-DF0B-4523-B8DF-F7D0C0DDDDBE}
	EndGlobalSection
EndGlobal
